// !$*UTF8*$!
{
	archiveVersion = 1;
	classes = {
	};
	objectVersion = 77;
	objects = {

/* Begin PBXBuildFile section */
		6C25DA482D20573500E2C7B5 /* AppCenterCapacitorShared in Frameworks */ = {isa = PBXBuildFile; productRef = 6C25DA472D20573500E2C7B5 /* AppCenterCapacitorShared */; };
		6C25DA4A2D2059C000E2C7B5 /* AppCenter-Config.plist in Resources */ = {isa = PBXBuildFile; fileRef = 6C25DA492D2059C000E2C7B5 /* AppCenter-Config.plist */; };
/* End PBXBuildFile section */

/* Begin PBXContainerItemProxy section */
		6C25DA2A2D20571E00E2C7B5 /* PBXContainerItemProxy */ = {
			isa = PBXContainerItemProxy;
			containerPortal = 6C25DA112D20571D00E2C7B5 /* Project object */;
			proxyType = 1;
			remoteGlobalIDString = 6C25DA182D20571D00E2C7B5;
			remoteInfo = AppCenterCapacitorSharedExample;
		};
		6C25DA342D20571E00E2C7B5 /* PBXContainerItemProxy */ = {
			isa = PBXContainerItemProxy;
			containerPortal = 6C25DA112D20571D00E2C7B5 /* Project object */;
			proxyType = 1;
			remoteGlobalIDString = 6C25DA182D20571D00E2C7B5;
			remoteInfo = AppCenterCapacitorSharedExample;
		};
/* End PBXContainerItemProxy section */

/* Begin PBXFileReference section */
		6C25DA192D20571D00E2C7B5 /* AppCenterCapacitorSharedExample.app */ = {isa = PBXFileReference; explicitFileType = wrapper.application; includeInIndex = 0; path = AppCenterCapacitorSharedExample.app; sourceTree = BUILT_PRODUCTS_DIR; };
		6C25DA292D20571E00E2C7B5 /* AppCenterCapacitorSharedExampleTests.xctest */ = {isa = PBXFileReference; explicitFileType = wrapper.cfbundle; includeInIndex = 0; path = AppCenterCapacitorSharedExampleTests.xctest; sourceTree = BUILT_PRODUCTS_DIR; };
		6C25DA332D20571E00E2C7B5 /* AppCenterCapacitorSharedExampleUITests.xctest */ = {isa = PBXFileReference; explicitFileType = wrapper.cfbundle; includeInIndex = 0; path = AppCenterCapacitorSharedExampleUITests.xctest; sourceTree = BUILT_PRODUCTS_DIR; };
		6C25DA492D2059C000E2C7B5 /* AppCenter-Config.plist */ = {isa = PBXFileReference; lastKnownFileType = text.plist.xml; path = "AppCenter-Config.plist"; sourceTree = "<group>"; };
/* End PBXFileReference section */

/* Begin PBXFileSystemSynchronizedRootGroup section */
		6C25DA1B2D20571D00E2C7B5 /* AppCenterCapacitorSharedExample */ = {
			isa = PBXFileSystemSynchronizedRootGroup;
			path = AppCenterCapacitorSharedExample;
			sourceTree = "<group>";
		};
		6C25DA2C2D20571E00E2C7B5 /* AppCenterCapacitorSharedExampleTests */ = {
			isa = PBXFileSystemSynchronizedRootGroup;
			path = AppCenterCapacitorSharedExampleTests;
			sourceTree = "<group>";
		};
		6C25DA362D20571E00E2C7B5 /* AppCenterCapacitorSharedExampleUITests */ = {
			isa = PBXFileSystemSynchronizedRootGroup;
			path = AppCenterCapacitorSharedExampleUITests;
			sourceTree = "<group>";
		};
/* End PBXFileSystemSynchronizedRootGroup section */

/* Begin PBXFrameworksBuildPhase section */
		6C25DA162D20571D00E2C7B5 /* Frameworks */ = {
			isa = PBXFrameworksBuildPhase;
			buildActionMask = 2147483647;
			files = (
				6C25DA482D20573500E2C7B5 /* AppCenterCapacitorShared in Frameworks */,
			);
			runOnlyForDeploymentPostprocessing = 0;
		};
		6C25DA262D20571E00E2C7B5 /* Frameworks */ = {
			isa = PBXFrameworksBuildPhase;
			buildActionMask = 2147483647;
			files = (
			);
			runOnlyForDeploymentPostprocessing = 0;
		};
		6C25DA302D20571E00E2C7B5 /* Frameworks */ = {
			isa = PBXFrameworksBuildPhase;
			buildActionMask = 2147483647;
			files = (
			);
			runOnlyForDeploymentPostprocessing = 0;
		};
/* End PBXFrameworksBuildPhase section */

/* Begin PBXGroup section */
		6C25DA102D20571D00E2C7B5 = {
			isa = PBXGroup;
			children = (
				6C25DA492D2059C000E2C7B5 /* AppCenter-Config.plist */,
				6C25DA1B2D20571D00E2C7B5 /* AppCenterCapacitorSharedExample */,
				6C25DA2C2D20571E00E2C7B5 /* AppCenterCapacitorSharedExampleTests */,
				6C25DA362D20571E00E2C7B5 /* AppCenterCapacitorSharedExampleUITests */,
				6C25DA1A2D20571D00E2C7B5 /* Products */,
			);
			sourceTree = "<group>";
		};
		6C25DA1A2D20571D00E2C7B5 /* Products */ = {
			isa = PBXGroup;
			children = (
				6C25DA192D20571D00E2C7B5 /* AppCenterCapacitorSharedExample.app */,
				6C25DA292D20571E00E2C7B5 /* AppCenterCapacitorSharedExampleTests.xctest */,
				6C25DA332D20571E00E2C7B5 /* AppCenterCapacitorSharedExampleUITests.xctest */,
			);
			name = Products;
			sourceTree = "<group>";
		};
/* End PBXGroup section */

/* Begin PBXNativeTarget section */
		6C25DA182D20571D00E2C7B5 /* AppCenterCapacitorSharedExample */ = {
			isa = PBXNativeTarget;
			buildConfigurationList = 6C25DA3D2D20571E00E2C7B5 /* Build configuration list for PBXNativeTarget "AppCenterCapacitorSharedExample" */;
			buildPhases = (
				6C25DA152D20571D00E2C7B5 /* Sources */,
				6C25DA162D20571D00E2C7B5 /* Frameworks */,
				6C25DA172D20571D00E2C7B5 /* Resources */,
			);
			buildRules = (
			);
			dependencies = (
			);
			fileSystemSynchronizedGroups = (
				6C25DA1B2D20571D00E2C7B5 /* AppCenterCapacitorSharedExample */,
			);
			name = AppCenterCapacitorSharedExample;
			packageProductDependencies = (
				6C25DA472D20573500E2C7B5 /* AppCenterCapacitorShared */,
			);
			productName = AppCenterCapacitorSharedExample;
			productReference = 6C25DA192D20571D00E2C7B5 /* AppCenterCapacitorSharedExample.app */;
			productType = "com.apple.product-type.application";
		};
		6C25DA282D20571E00E2C7B5 /* AppCenterCapacitorSharedExampleTests */ = {
			isa = PBXNativeTarget;
			buildConfigurationList = 6C25DA402D20571E00E2C7B5 /* Build configuration list for PBXNativeTarget "AppCenterCapacitorSharedExampleTests" */;
			buildPhases = (
				6C25DA252D20571E00E2C7B5 /* Sources */,
				6C25DA262D20571E00E2C7B5 /* Frameworks */,
				6C25DA272D20571E00E2C7B5 /* Resources */,
			);
			buildRules = (
			);
			dependencies = (
				6C25DA2B2D20571E00E2C7B5 /* PBXTargetDependency */,
			);
			fileSystemSynchronizedGroups = (
				6C25DA2C2D20571E00E2C7B5 /* AppCenterCapacitorSharedExampleTests */,
			);
			name = AppCenterCapacitorSharedExampleTests;
			packageProductDependencies = (
			);
			productName = AppCenterCapacitorSharedExampleTests;
			productReference = 6C25DA292D20571E00E2C7B5 /* AppCenterCapacitorSharedExampleTests.xctest */;
			productType = "com.apple.product-type.bundle.unit-test";
		};
		6C25DA322D20571E00E2C7B5 /* AppCenterCapacitorSharedExampleUITests */ = {
			isa = PBXNativeTarget;
			buildConfigurationList = 6C25DA432D20571E00E2C7B5 /* Build configuration list for PBXNativeTarget "AppCenterCapacitorSharedExampleUITests" */;
			buildPhases = (
				6C25DA2F2D20571E00E2C7B5 /* Sources */,
				6C25DA302D20571E00E2C7B5 /* Frameworks */,
				6C25DA312D20571E00E2C7B5 /* Resources */,
			);
			buildRules = (
			);
			dependencies = (
				6C25DA352D20571E00E2C7B5 /* PBXTargetDependency */,
			);
			fileSystemSynchronizedGroups = (
				6C25DA362D20571E00E2C7B5 /* AppCenterCapacitorSharedExampleUITests */,
			);
			name = AppCenterCapacitorSharedExampleUITests;
			packageProductDependencies = (
			);
			productName = AppCenterCapacitorSharedExampleUITests;
			productReference = 6C25DA332D20571E00E2C7B5 /* AppCenterCapacitorSharedExampleUITests.xctest */;
			productType = "com.apple.product-type.bundle.ui-testing";
		};
/* End PBXNativeTarget section */

/* Begin PBXProject section */
		6C25DA112D20571D00E2C7B5 /* Project object */ = {
			isa = PBXProject;
			attributes = {
				BuildIndependentTargetsInParallel = 1;
				LastSwiftUpdateCheck = 1620;
				LastUpgradeCheck = 1620;
				TargetAttributes = {
					6C25DA182D20571D00E2C7B5 = {
						CreatedOnToolsVersion = 16.2;
					};
					6C25DA282D20571E00E2C7B5 = {
						CreatedOnToolsVersion = 16.2;
						TestTargetID = 6C25DA182D20571D00E2C7B5;
					};
					6C25DA322D20571E00E2C7B5 = {
						CreatedOnToolsVersion = 16.2;
						TestTargetID = 6C25DA182D20571D00E2C7B5;
					};
				};
			};
			buildConfigurationList = 6C25DA142D20571D00E2C7B5 /* Build configuration list for PBXProject "AppCenterCapacitorSharedExample" */;
			developmentRegion = en;
			hasScannedForEncodings = 0;
			knownRegions = (
				en,
				Base,
			);
			mainGroup = 6C25DA102D20571D00E2C7B5;
			minimizedProjectReferenceProxies = 1;
			packageReferences = (
				6C25DA462D20573500E2C7B5 /* XCLocalSwiftPackageReference "../AppCenterCapacitorShared" */,
			);
			preferredProjectObjectVersion = 77;
			productRefGroup = 6C25DA1A2D20571D00E2C7B5 /* Products */;
			projectDirPath = "";
			projectRoot = "";
			targets = (
				6C25DA182D20571D00E2C7B5 /* AppCenterCapacitorSharedExample */,
				6C25DA282D20571E00E2C7B5 /* AppCenterCapacitorSharedExampleTests */,
				6C25DA322D20571E00E2C7B5 /* AppCenterCapacitorSharedExampleUITests */,
			);
		};
/* End PBXProject section */

/* Begin PBXResourcesBuildPhase section */
		6C25DA172D20571D00E2C7B5 /* Resources */ = {
			isa = PBXResourcesBuildPhase;
			buildActionMask = 2147483647;
			files = (
				6C25DA4A2D2059C000E2C7B5 /* AppCenter-Config.plist in Resources */,
			);
			runOnlyForDeploymentPostprocessing = 0;
		};
		6C25DA272D20571E00E2C7B5 /* Resources */ = {
			isa = PBXResourcesBuildPhase;
			buildActionMask = 2147483647;
			files = (
			);
			runOnlyForDeploymentPostprocessing = 0;
		};
		6C25DA312D20571E00E2C7B5 /* Resources */ = {
			isa = PBXResourcesBuildPhase;
			buildActionMask = 2147483647;
			files = (
			);
			runOnlyForDeploymentPostprocessing = 0;
		};
/* End PBXResourcesBuildPhase section */

/* Begin PBXSourcesBuildPhase section */
		6C25DA152D20571D00E2C7B5 /* Sources */ = {
			isa = PBXSourcesBuildPhase;
			buildActionMask = 2147483647;
			files = (
			);
			runOnlyForDeploymentPostprocessing = 0;
		};
		6C25DA252D20571E00E2C7B5 /* Sources */ = {
			isa = PBXSourcesBuildPhase;
			buildActionMask = 2147483647;
			files = (
			);
			runOnlyForDeploymentPostprocessing = 0;
		};
		6C25DA2F2D20571E00E2C7B5 /* Sources */ = {
			isa = PBXSourcesBuildPhase;
			buildActionMask = 2147483647;
			files = (
			);
			runOnlyForDeploymentPostprocessing = 0;
		};
/* End PBXSourcesBuildPhase section */

/* Begin PBXTargetDependency section */
		6C25DA2B2D20571E00E2C7B5 /* PBXTargetDependency */ = {
			isa = PBXTargetDependency;
			target = 6C25DA182D20571D00E2C7B5 /* AppCenterCapacitorSharedExample */;
			targetProxy = 6C25DA2A2D20571E00E2C7B5 /* PBXContainerItemProxy */;
		};
		6C25DA352D20571E00E2C7B5 /* PBXTargetDependency */ = {
			isa = PBXTargetDependency;
			target = 6C25DA182D20571D00E2C7B5 /* AppCenterCapacitorSharedExample */;
			targetProxy = 6C25DA342D20571E00E2C7B5 /* PBXContainerItemProxy */;
		};
/* End PBXTargetDependency section */

/* Begin XCBuildConfiguration section */
		6C25DA3B2D20571E00E2C7B5 /* Debug */ = {
			isa = XCBuildConfiguration;
			buildSettings = {
				ALWAYS_SEARCH_USER_PATHS = NO;
				ASSETCATALOG_COMPILER_GENERATE_SWIFT_ASSET_SYMBOL_EXTENSIONS = YES;
				CLANG_ANALYZER_NONNULL = YES;
				CLANG_ANALYZER_NUMBER_OBJECT_CONVERSION = YES_AGGRESSIVE;
				CLANG_CXX_LANGUAGE_STANDARD = "gnu++20";
				CLANG_ENABLE_MODULES = YES;
				CLANG_ENABLE_OBJC_ARC = YES;
				CLANG_ENABLE_OBJC_WEAK = YES;
				CLANG_WARN_BLOCK_CAPTURE_AUTORELEASING = YES;
				CLANG_WARN_BOOL_CONVERSION = YES;
				CLANG_WARN_COMMA = YES;
				CLANG_WARN_CONSTANT_CONVERSION = YES;
				CLANG_WARN_DEPRECATED_OBJC_IMPLEMENTATIONS = YES;
				CLANG_WARN_DIRECT_OBJC_ISA_USAGE = YES_ERROR;
				CLANG_WARN_DOCUMENTATION_COMMENTS = YES;
				CLANG_WARN_EMPTY_BODY = YES;
				CLANG_WARN_ENUM_CONVERSION = YES;
				CLANG_WARN_INFINITE_RECURSION = YES;
				CLANG_WARN_INT_CONVERSION = YES;
				CLANG_WARN_NON_LITERAL_NULL_CONVERSION = YES;
				CLANG_WARN_OBJC_IMPLICIT_RETAIN_SELF = YES;
				CLANG_WARN_OBJC_LITERAL_CONVERSION = YES;
				CLANG_WARN_OBJC_ROOT_CLASS = YES_ERROR;
				CLANG_WARN_QUOTED_INCLUDE_IN_FRAMEWORK_HEADER = YES;
				CLANG_WARN_RANGE_LOOP_ANALYSIS = YES;
				CLANG_WARN_STRICT_PROTOTYPES = YES;
				CLANG_WARN_SUSPICIOUS_MOVE = YES;
				CLANG_WARN_UNGUARDED_AVAILABILITY = YES_AGGRESSIVE;
				CLANG_WARN_UNREACHABLE_CODE = YES;
				CLANG_WARN__DUPLICATE_METHOD_MATCH = YES;
				COPY_PHASE_STRIP = NO;
				DEBUG_INFORMATION_FORMAT = dwarf;
				ENABLE_STRICT_OBJC_MSGSEND = YES;
				ENABLE_TESTABILITY = YES;
				ENABLE_USER_SCRIPT_SANDBOXING = YES;
				GCC_C_LANGUAGE_STANDARD = gnu17;
				GCC_DYNAMIC_NO_PIC = NO;
				GCC_NO_COMMON_BLOCKS = YES;
				GCC_OPTIMIZATION_LEVEL = 0;
				GCC_PREPROCESSOR_DEFINITIONS = (
					"DEBUG=1",
					"$(inherited)",
				);
				GCC_WARN_64_TO_32_BIT_CONVERSION = YES;
				GCC_WARN_ABOUT_RETURN_TYPE = YES_ERROR;
				GCC_WARN_UNDECLARED_SELECTOR = YES;
				GCC_WARN_UNINITIALIZED_AUTOS = YES_AGGRESSIVE;
				GCC_WARN_UNUSED_FUNCTION = YES;
				GCC_WARN_UNUSED_VARIABLE = YES;
				IPHONEOS_DEPLOYMENT_TARGET = 18.2;
				LOCALIZATION_PREFERS_STRING_CATALOGS = YES;
				MTL_ENABLE_DEBUG_INFO = INCLUDE_SOURCE;
				MTL_FAST_MATH = YES;
				ONLY_ACTIVE_ARCH = YES;
				SDKROOT = iphoneos;
				SWIFT_ACTIVE_COMPILATION_CONDITIONS = "DEBUG $(inherited)";
				SWIFT_OPTIMIZATION_LEVEL = "-Onone";
			};
			name = Debug;
		};
		6C25DA3C2D20571E00E2C7B5 /* Release */ = {
			isa = XCBuildConfiguration;
			buildSettings = {
				ALWAYS_SEARCH_USER_PATHS = NO;
				ASSETCATALOG_COMPILER_GENERATE_SWIFT_ASSET_SYMBOL_EXTENSIONS = YES;
				CLANG_ANALYZER_NONNULL = YES;
				CLANG_ANALYZER_NUMBER_OBJECT_CONVERSION = YES_AGGRESSIVE;
				CLANG_CXX_LANGUAGE_STANDARD = "gnu++20";
				CLANG_ENABLE_MODULES = YES;
				CLANG_ENABLE_OBJC_ARC = YES;
				CLANG_ENABLE_OBJC_WEAK = YES;
				CLANG_WARN_BLOCK_CAPTURE_AUTORELEASING = YES;
				CLANG_WARN_BOOL_CONVERSION = YES;
				CLANG_WARN_COMMA = YES;
				CLANG_WARN_CONSTANT_CONVERSION = YES;
				CLANG_WARN_DEPRECATED_OBJC_IMPLEMENTATIONS = YES;
				CLANG_WARN_DIRECT_OBJC_ISA_USAGE = YES_ERROR;
				CLANG_WARN_DOCUMENTATION_COMMENTS = YES;
				CLANG_WARN_EMPTY_BODY = YES;
				CLANG_WARN_ENUM_CONVERSION = YES;
				CLANG_WARN_INFINITE_RECURSION = YES;
				CLANG_WARN_INT_CONVERSION = YES;
				CLANG_WARN_NON_LITERAL_NULL_CONVERSION = YES;
				CLANG_WARN_OBJC_IMPLICIT_RETAIN_SELF = YES;
				CLANG_WARN_OBJC_LITERAL_CONVERSION = YES;
				CLANG_WARN_OBJC_ROOT_CLASS = YES_ERROR;
				CLANG_WARN_QUOTED_INCLUDE_IN_FRAMEWORK_HEADER = YES;
				CLANG_WARN_RANGE_LOOP_ANALYSIS = YES;
				CLANG_WARN_STRICT_PROTOTYPES = YES;
				CLANG_WARN_SUSPICIOUS_MOVE = YES;
				CLANG_WARN_UNGUARDED_AVAILABILITY = YES_AGGRESSIVE;
				CLANG_WARN_UNREACHABLE_CODE = YES;
				CLANG_WARN__DUPLICATE_METHOD_MATCH = YES;
				COPY_PHASE_STRIP = NO;
				DEBUG_INFORMATION_FORMAT = "dwarf-with-dsym";
				ENABLE_NS_ASSERTIONS = NO;
				ENABLE_STRICT_OBJC_MSGSEND = YES;
				ENABLE_USER_SCRIPT_SANDBOXING = YES;
				GCC_C_LANGUAGE_STANDARD = gnu17;
				GCC_NO_COMMON_BLOCKS = YES;
				GCC_WARN_64_TO_32_BIT_CONVERSION = YES;
				GCC_WARN_ABOUT_RETURN_TYPE = YES_ERROR;
				GCC_WARN_UNDECLARED_SELECTOR = YES;
				GCC_WARN_UNINITIALIZED_AUTOS = YES_AGGRESSIVE;
				GCC_WARN_UNUSED_FUNCTION = YES;
				GCC_WARN_UNUSED_VARIABLE = YES;
				IPHONEOS_DEPLOYMENT_TARGET = 18.2;
				LOCALIZATION_PREFERS_STRING_CATALOGS = YES;
				MTL_ENABLE_DEBUG_INFO = NO;
				MTL_FAST_MATH = YES;
				SDKROOT = iphoneos;
				SWIFT_COMPILATION_MODE = wholemodule;
				VALIDATE_PRODUCT = YES;
			};
			name = Release;
		};
		6C25DA3E2D20571E00E2C7B5 /* Debug */ = {
			isa = XCBuildConfiguration;
			buildSettings = {
				ASSETCATALOG_COMPILER_APPICON_NAME = AppIcon;
				ASSETCATALOG_COMPILER_GLOBAL_ACCENT_COLOR_NAME = AccentColor;
				CODE_SIGN_STYLE = Automatic;
				CURRENT_PROJECT_VERSION = 1;
				DEVELOPMENT_ASSET_PATHS = "\"AppCenterCapacitorSharedExample/Preview Content\"";
				ENABLE_PREVIEWS = YES;
				GENERATE_INFOPLIST_FILE = YES;
				INFOPLIST_KEY_UIApplicationSceneManifest_Generation = YES;
				INFOPLIST_KEY_UIApplicationSupportsIndirectInputEvents = YES;
				INFOPLIST_KEY_UILaunchScreen_Generation = YES;
				INFOPLIST_KEY_UISupportedInterfaceOrientations_iPad = "UIInterfaceOrientationPortrait UIInterfaceOrientationPortraitUpsideDown UIInterfaceOrientationLandscapeLeft UIInterfaceOrientationLandscapeRight";
				INFOPLIST_KEY_UISupportedInterfaceOrientations_iPhone = "UIInterfaceOrientationPortrait UIInterfaceOrientationLandscapeLeft UIInterfaceOrientationLandscapeRight";
				LD_RUNPATH_SEARCH_PATHS = (
					"$(inherited)",
					"@executable_path/Frameworks",
				);
				MARKETING_VERSION = 1.0;
				PRODUCT_BUNDLE_IDENTIFIER = com.capacitorcommunity.AppCenterCapacitorSharedExample;
				PRODUCT_NAME = "$(TARGET_NAME)";
				SWIFT_EMIT_LOC_STRINGS = YES;
				SWIFT_VERSION = 5.0;
				TARGETED_DEVICE_FAMILY = "1,2";
			};
			name = Debug;
		};
		6C25DA3F2D20571E00E2C7B5 /* Release */ = {
			isa = XCBuildConfiguration;
			buildSettings = {
				ASSETCATALOG_COMPILER_APPICON_NAME = AppIcon;
				ASSETCATALOG_COMPILER_GLOBAL_ACCENT_COLOR_NAME = AccentColor;
				CODE_SIGN_STYLE = Automatic;
				CURRENT_PROJECT_VERSION = 1;
				DEVELOPMENT_ASSET_PATHS = "\"AppCenterCapacitorSharedExample/Preview Content\"";
				ENABLE_PREVIEWS = YES;
				GENERATE_INFOPLIST_FILE = YES;
				INFOPLIST_KEY_UIApplicationSceneManifest_Generation = YES;
				INFOPLIST_KEY_UIApplicationSupportsIndirectInputEvents = YES;
				INFOPLIST_KEY_UILaunchScreen_Generation = YES;
				INFOPLIST_KEY_UISupportedInterfaceOrientations_iPad = "UIInterfaceOrientationPortrait UIInterfaceOrientationPortraitUpsideDown UIInterfaceOrientationLandscapeLeft UIInterfaceOrientationLandscapeRight";
				INFOPLIST_KEY_UISupportedInterfaceOrientations_iPhone = "UIInterfaceOrientationPortrait UIInterfaceOrientationLandscapeLeft UIInterfaceOrientationLandscapeRight";
				LD_RUNPATH_SEARCH_PATHS = (
					"$(inherited)",
					"@executable_path/Frameworks",
				);
				MARKETING_VERSION = 1.0;
				PRODUCT_BUNDLE_IDENTIFIER = com.capacitorcommunity.AppCenterCapacitorSharedExample;
				PRODUCT_NAME = "$(TARGET_NAME)";
				SWIFT_EMIT_LOC_STRINGS = YES;
				SWIFT_VERSION = 5.0;
				TARGETED_DEVICE_FAMILY = "1,2";
			};
			name = Release;
		};
		6C25DA412D20571E00E2C7B5 /* Debug */ = {
			isa = XCBuildConfiguration;
			buildSettings = {
				BUNDLE_LOADER = "$(TEST_HOST)";
				CODE_SIGN_STYLE = Automatic;
				CURRENT_PROJECT_VERSION = 1;
				GENERATE_INFOPLIST_FILE = YES;
				IPHONEOS_DEPLOYMENT_TARGET = 18.2;
				MARKETING_VERSION = 1.0;
				PRODUCT_BUNDLE_IDENTIFIER = com.capacitorcommunity.AppCenterCapacitorSharedExampleTests;
				PRODUCT_NAME = "$(TARGET_NAME)";
				SWIFT_EMIT_LOC_STRINGS = NO;
				SWIFT_VERSION = 5.0;
				TARGETED_DEVICE_FAMILY = "1,2";
				TEST_HOST = "$(BUILT_PRODUCTS_DIR)/AppCenterCapacitorSharedExample.app/$(BUNDLE_EXECUTABLE_FOLDER_PATH)/AppCenterCapacitorSharedExample";
			};
			name = Debug;
		};
		6C25DA422D20571E00E2C7B5 /* Release */ = {
			isa = XCBuildConfiguration;
			buildSettings = {
				BUNDLE_LOADER = "$(TEST_HOST)";
				CODE_SIGN_STYLE = Automatic;
				CURRENT_PROJECT_VERSION = 1;
				GENERATE_INFOPLIST_FILE = YES;
				IPHONEOS_DEPLOYMENT_TARGET = 18.2;
				MARKETING_VERSION = 1.0;
				PRODUCT_BUNDLE_IDENTIFIER = com.capacitorcommunity.AppCenterCapacitorSharedExampleTests;
				PRODUCT_NAME = "$(TARGET_NAME)";
				SWIFT_EMIT_LOC_STRINGS = NO;
				SWIFT_VERSION = 5.0;
				TARGETED_DEVICE_FAMILY = "1,2";
				TEST_HOST = "$(BUILT_PRODUCTS_DIR)/AppCenterCapacitorSharedExample.app/$(BUNDLE_EXECUTABLE_FOLDER_PATH)/AppCenterCapacitorSharedExample";
			};
			name = Release;
		};
		6C25DA442D20571E00E2C7B5 /* Debug */ = {
			isa = XCBuildConfiguration;
			buildSettings = {
				CODE_SIGN_STYLE = Automatic;
				CURRENT_PROJECT_VERSION = 1;
				GENERATE_INFOPLIST_FILE = YES;
				MARKETING_VERSION = 1.0;
				PRODUCT_BUNDLE_IDENTIFIER = com.capacitorcommunity.AppCenterCapacitorSharedExampleUITests;
				PRODUCT_NAME = "$(TARGET_NAME)";
				SWIFT_EMIT_LOC_STRINGS = NO;
				SWIFT_VERSION = 5.0;
				TARGETED_DEVICE_FAMILY = "1,2";
				TEST_TARGET_NAME = AppCenterCapacitorSharedExample;
			};
			name = Debug;
		};
		6C25DA452D20571E00E2C7B5 /* Release */ = {
			isa = XCBuildConfiguration;
			buildSettings = {
				CODE_SIGN_STYLE = Automatic;
				CURRENT_PROJECT_VERSION = 1;
				GENERATE_INFOPLIST_FILE = YES;
				MARKETING_VERSION = 1.0;
				PRODUCT_BUNDLE_IDENTIFIER = com.capacitorcommunity.AppCenterCapacitorSharedExampleUITests;
				PRODUCT_NAME = "$(TARGET_NAME)";
				SWIFT_EMIT_LOC_STRINGS = NO;
				SWIFT_VERSION = 5.0;
				TARGETED_DEVICE_FAMILY = "1,2";
				TEST_TARGET_NAME = AppCenterCapacitorSharedExample;
			};
			name = Release;
		};
/* End XCBuildConfiguration section */

/* Begin XCConfigurationList section */
		6C25DA142D20571D00E2C7B5 /* Build configuration list for PBXProject "AppCenterCapacitorSharedExample" */ = {
			isa = XCConfigurationList;
			buildConfigurations = (
				6C25DA3B2D20571E00E2C7B5 /* Debug */,
				6C25DA3C2D20571E00E2C7B5 /* Release */,
			);
			defaultConfigurationIsVisible = 0;
			defaultConfigurationName = Release;
		};
		6C25DA3D2D20571E00E2C7B5 /* Build configuration list for PBXNativeTarget "AppCenterCapacitorSharedExample" */ = {
			isa = XCConfigurationList;
			buildConfigurations = (
				6C25DA3E2D20571E00E2C7B5 /* Debug */,
				6C25DA3F2D20571E00E2C7B5 /* Release */,
			);
			defaultConfigurationIsVisible = 0;
			defaultConfigurationName = Release;
		};
		6C25DA402D20571E00E2C7B5 /* Build configuration list for PBXNativeTarget "AppCenterCapacitorSharedExampleTests" */ = {
			isa = XCConfigurationList;
			buildConfigurations = (
				6C25DA412D20571E00E2C7B5 /* Debug */,
				6C25DA422D20571E00E2C7B5 /* Release */,
			);
			defaultConfigurationIsVisible = 0;
			defaultConfigurationName = Release;
		};
		6C25DA432D20571E00E2C7B5 /* Build configuration list for PBXNativeTarget "AppCenterCapacitorSharedExampleUITests" */ = {
			isa = XCConfigurationList;
			buildConfigurations = (
				6C25DA442D20571E00E2C7B5 /* Debug */,
				6C25DA452D20571E00E2C7B5 /* Release */,
			);
			defaultConfigurationIsVisible = 0;
			defaultConfigurationName = Release;
		};
/* End XCConfigurationList section */

/* Begin XCLocalSwiftPackageReference section */
		6C25DA462D20573500E2C7B5 /* XCLocalSwiftPackageReference "../AppCenterCapacitorShared" */ = {
			isa = XCLocalSwiftPackageReference;
			relativePath = ../AppCenterCapacitorShared;
		};
/* End XCLocalSwiftPackageReference section */

/* Begin XCSwiftPackageProductDependency section */
		6C25DA472D20573500E2C7B5 /* AppCenterCapacitorShared */ = {
			isa = XCSwiftPackageProductDependency;
			productName = AppCenterCapacitorShared;
		};
/* End XCSwiftPackageProductDependency section */
	};
	rootObject = 6C25DA112D20571D00E2C7B5 /* Project object */;
}
