{
  "object": {
    "pins": [
      {
        "package": "AppCenter",
        "repositoryURL": "https://github.com/microsoft/appcenter-sdk-apple.git",
        "state": {
          "branch": null,
          "revision": "ab54f758243f282d290b33027e8aac910d3d859a",
          "version": "5.0.5"
        }
      },
      {
        "package": "PLCrashReporter",
        "repositoryURL": "https://github.com/microsoft/PLCrashReporter.git",
        "state": {
          "branch": null,
          "revision": "6752f71de206f6a53fa6a758c3660fd9a7fe7527",
          "version": "1.11.2"
        }
      }
    ]
  },
  "version": 1
}
