{
  "originHash" : "3ea913216a59e154bc1f92ffac1420c3648ead0b022b5ff6864db0e49b1b504a",
  "pins" : [
    {
      "identity" : "appcenter-sdk-apple",
      "kind" : "remoteSourceControl",
      "location" : "https://github.com/microsoft/appcenter-sdk-apple.git",
      "state" : {
        "revision" : "ab54f758243f282d290b33027e8aac910d3d859a",
        "version" : "5.0.5"
      }
    },
    {
      "identity" : "plcrashreporter",
      "kind" : "remoteSourceControl",
      "location" : "https://github.com/microsoft/PLCrashReporter.git",
      "state" : {
        "revision" : "6752f71de206f6a53fa6a758c3660fd9a7fe7527",
        "version" : "1.11.2"
      }
    }
  ],
  "version" : 3
}
